
Microsoft Visual Studio Solution File, Format Version 12.00
# Visual Studio Version 17
VisualStudioVersion = 17.9.34616.47
MinimumVisualStudioVersion = 10.0.40219.1
Project("{9A19103F-16F7-4668-BE54-9A1E7A4F7556}") = "SAP.Data", "src\SAP.Data\SAP.Data.csproj", "{74B39110-7C49-4920-8BBE-C70B2DD9C563}"
EndProject
Project("{9A19103F-16F7-4668-BE54-9A1E7A4F7556}") = "SAP.Common", "src\SAP.Common\SAP.Common.csproj", "{4FA419EF-9B2D-4DAC-8BE8-6268C95F2802}"
EndProject
Project("{9A19103F-16F7-4668-BE54-9A1E7A4F7556}") = "SAP.Core", "src\SAP.Core\SAP.Core.csproj", "{6EC894BD-4F8B-4F1D-A2B9-432CB8C43C4B}"
EndProject
Project("{9A19103F-16F7-4668-BE54-9A1E7A4F7556}") = "SAP.API", "src\SAP.API\SAP.API.csproj", "{F11977FC-68B0-4BBC-9FEA-C19DDF86FA2B}"
EndProject
Project("{FAE04EC0-301F-11D3-BF4B-00C04F79EFBC}") = "SAP.Services", "src\SAP.Services\SAP.Services.csproj", "{6EC43EE7-2FF3-4F11-8C8A-60A87970ACF7}"
EndProject
Global
	GlobalSection(SolutionConfigurationPlatforms) = preSolution
		Debug|Any CPU = Debug|Any CPU
		Release|Any CPU = Release|Any CPU
	EndGlobalSection
	GlobalSection(ProjectConfigurationPlatforms) = postSolution
		{74B39110-7C49-4920-8BBE-C70B2DD9C563}.Debug|Any CPU.ActiveCfg = Debug|Any CPU
		{74B39110-7C49-4920-8BBE-C70B2DD9C563}.Debug|Any CPU.Build.0 = Debug|Any CPU
		{74B39110-7C49-4920-8BBE-C70B2DD9C563}.Release|Any CPU.ActiveCfg = Release|Any CPU
		{74B39110-7C49-4920-8BBE-C70B2DD9C563}.Release|Any CPU.Build.0 = Release|Any CPU
		{4FA419EF-9B2D-4DAC-8BE8-6268C95F2802}.Debug|Any CPU.ActiveCfg = Debug|Any CPU
		{4FA419EF-9B2D-4DAC-8BE8-6268C95F2802}.Debug|Any CPU.Build.0 = Debug|Any CPU
		{4FA419EF-9B2D-4DAC-8BE8-6268C95F2802}.Release|Any CPU.ActiveCfg = Release|Any CPU
		{4FA419EF-9B2D-4DAC-8BE8-6268C95F2802}.Release|Any CPU.Build.0 = Release|Any CPU
		{6EC894BD-4F8B-4F1D-A2B9-432CB8C43C4B}.Debug|Any CPU.ActiveCfg = Debug|Any CPU
		{6EC894BD-4F8B-4F1D-A2B9-432CB8C43C4B}.Debug|Any CPU.Build.0 = Debug|Any CPU
		{6EC894BD-4F8B-4F1D-A2B9-432CB8C43C4B}.Release|Any CPU.ActiveCfg = Release|Any CPU
		{6EC894BD-4F8B-4F1D-A2B9-432CB8C43C4B}.Release|Any CPU.Build.0 = Release|Any CPU
		{F11977FC-68B0-4BBC-9FEA-C19DDF86FA2B}.Debug|Any CPU.ActiveCfg = Debug|Any CPU
		{F11977FC-68B0-4BBC-9FEA-C19DDF86FA2B}.Debug|Any CPU.Build.0 = Debug|Any CPU
		{F11977FC-68B0-4BBC-9FEA-C19DDF86FA2B}.Release|Any CPU.ActiveCfg = Release|Any CPU
		{F11977FC-68B0-4BBC-9FEA-C19DDF86FA2B}.Release|Any CPU.Build.0 = Release|Any CPU
		{6EC43EE7-2FF3-4F11-8C8A-60A87970ACF7}.Debug|Any CPU.ActiveCfg = Debug|Any CPU
		{6EC43EE7-2FF3-4F11-8C8A-60A87970ACF7}.Debug|Any CPU.Build.0 = Debug|Any CPU
		{6EC43EE7-2FF3-4F11-8C8A-60A87970ACF7}.Release|Any CPU.ActiveCfg = Release|Any CPU
		{6EC43EE7-2FF3-4F11-8C8A-60A87970ACF7}.Release|Any CPU.Build.0 = Release|Any CPU
	EndGlobalSection
	GlobalSection(SolutionProperties) = preSolution
		HideSolutionNode = FALSE
	EndGlobalSection
	GlobalSection(ExtensibilityGlobals) = postSolution
		SolutionGuid = {5A0799F3-3172-4021-99D3-BDF789CFC956}
	EndGlobalSection
EndGlobal
